
Microsoft Visual Studio Solution File, Format Version 12.00
# Visual Studio 16
Project("{FAE04EC0-301F-11D3-BF4B-00C04F79EFBC}") = "Assembly-CSharp", "Assembly-CSharp.csproj", "{B1D60D71-6F07-A6A0-B2D2-3327909400BE}"
EndProject
Project("{FAE04EC0-301F-11D3-BF4B-00C04F79EFBC}") = "PhotonUnityNetworking.Demos", "PhotonUnityNetworking.Demos.csproj", "{907F04D0-49D0-33A0-DD06-578F7D024A64}"
EndProject
Project("{FAE04EC0-301F-11D3-BF4B-00C04F79EFBC}") = "PhotonUnityNetworking.Utilities", "PhotonUnityNetworking.Utilities.csproj", "{501D2DF7-DEC3-61C0-A21F-C84D63A3E522}"
EndProject
Project("{FAE04EC0-301F-11D3-BF4B-00C04F79EFBC}") = "PhotonChat", "PhotonChat.csproj", "{A2693685-4044-8E00-DED2-52AB32EF3C38}"
EndProject
Project("{FAE04EC0-301F-11D3-BF4B-00C04F79EFBC}") = "PhotonUnityNetworking", "PhotonUnityNetworking.csproj", "{8F702165-6B8B-AEF9-6D0E-D82823E16242}"
EndProject
Project("{FAE04EC0-301F-11D3-BF4B-00C04F79EFBC}") = "PhotonRealtime", "PhotonRealtime.csproj", "{477DF468-0803-93F0-4503-C21758C7476F}"
EndProject
Project("{FAE04EC0-301F-11D3-BF4B-00C04F79EFBC}") = "PhotonWebSocket", "PhotonWebSocket.csproj", "{DCBCE2A8-39E5-FD25-8680-833FCA247E11}"
EndProject
Project("{FAE04EC0-301F-11D3-BF4B-00C04F79EFBC}") = "PhotonUnityNetworking.Editor", "PhotonUnityNetworking.Editor.csproj", "{2703061C-14E6-9F4B-33CD-4C7D74680C7B}"
EndProject
Project("{FAE04EC0-301F-11D3-BF4B-00C04F79EFBC}") = "PunDemos.DemoHubEditor", "PunDemos.DemoHubEditor.csproj", "{88946AE6-6E2A-D5F5-28A8-7C2D516184B1}"
EndProject
Project("{FAE04EC0-301F-11D3-BF4B-00C04F79EFBC}") = "PhotonUnityNetworking.Utilities.PhotonPlayer.Editor", "PhotonUnityNetworking.Utilities.PhotonPlayer.Editor.csproj", "{612C7620-FCAD-49AB-3B3D-0651EB7E3D00}"
EndProject
Project("{FAE04EC0-301F-11D3-BF4B-00C04F79EFBC}") = "PhotonUnityNetworking.Utilities.Culling.Editor", "PhotonUnityNetworking.Utilities.Culling.Editor.csproj", "{B7AFA845-5807-B04F-777B-0B92ACCB0F9E}"
EndProject
Project("{FAE04EC0-301F-11D3-BF4B-00C04F79EFBC}") = "PunDemos.DemoSlotcarEditor", "PunDemos.DemoSlotcarEditor.csproj", "{A6835176-31F7-33CC-8B1F-7FB7474C13B8}"
EndProject
Global
	GlobalSection(SolutionConfigurationPlatforms) = preSolution
		Debug|Any CPU = Debug|Any CPU
		Release|Any CPU = Release|Any CPU
	EndGlobalSection
	GlobalSection(ProjectConfigurationPlatforms) = postSolution
		{B1D60D71-6F07-A6A0-B2D2-3327909400BE}.Debug|Any CPU.ActiveCfg = Debug|Any CPU
		{B1D60D71-6F07-A6A0-B2D2-3327909400BE}.Debug|Any CPU.Build.0 = Debug|Any CPU
		{B1D60D71-6F07-A6A0-B2D2-3327909400BE}.Release|Any CPU.ActiveCfg = Release|Any CPU
		{B1D60D71-6F07-A6A0-B2D2-3327909400BE}.Release|Any CPU.Build.0 = Release|Any CPU
		{907F04D0-49D0-33A0-DD06-578F7D024A64}.Debug|Any CPU.ActiveCfg = Debug|Any CPU
		{907F04D0-49D0-33A0-DD06-578F7D024A64}.Debug|Any CPU.Build.0 = Debug|Any CPU
		{907F04D0-49D0-33A0-DD06-578F7D024A64}.Release|Any CPU.ActiveCfg = Release|Any CPU
		{907F04D0-49D0-33A0-DD06-578F7D024A64}.Release|Any CPU.Build.0 = Release|Any CPU
		{501D2DF7-DEC3-61C0-A21F-C84D63A3E522}.Debug|Any CPU.ActiveCfg = Debug|Any CPU
		{501D2DF7-DEC3-61C0-A21F-C84D63A3E522}.Debug|Any CPU.Build.0 = Debug|Any CPU
		{501D2DF7-DEC3-61C0-A21F-C84D63A3E522}.Release|Any CPU.ActiveCfg = Release|Any CPU
		{501D2DF7-DEC3-61C0-A21F-C84D63A3E522}.Release|Any CPU.Build.0 = Release|Any CPU
		{A2693685-4044-8E00-DED2-52AB32EF3C38}.Debug|Any CPU.ActiveCfg = Debug|Any CPU
		{A2693685-4044-8E00-DED2-52AB32EF3C38}.Debug|Any CPU.Build.0 = Debug|Any CPU
		{A2693685-4044-8E00-DED2-52AB32EF3C38}.Release|Any CPU.ActiveCfg = Release|Any CPU
		{A2693685-4044-8E00-DED2-52AB32EF3C38}.Release|Any CPU.Build.0 = Release|Any CPU
		{8F702165-6B8B-AEF9-6D0E-D82823E16242}.Debug|Any CPU.ActiveCfg = Debug|Any CPU
		{8F702165-6B8B-AEF9-6D0E-D82823E16242}.Debug|Any CPU.Build.0 = Debug|Any CPU
		{8F702165-6B8B-AEF9-6D0E-D82823E16242}.Release|Any CPU.ActiveCfg = Release|Any CPU
		{8F702165-6B8B-AEF9-6D0E-D82823E16242}.Release|Any CPU.Build.0 = Release|Any CPU
		{477DF468-0803-93F0-4503-C21758C7476F}.Debug|Any CPU.ActiveCfg = Debug|Any CPU
		{477DF468-0803-93F0-4503-C21758C7476F}.Debug|Any CPU.Build.0 = Debug|Any CPU
		{477DF468-0803-93F0-4503-C21758C7476F}.Release|Any CPU.ActiveCfg = Release|Any CPU
		{477DF468-0803-93F0-4503-C21758C7476F}.Release|Any CPU.Build.0 = Release|Any CPU
		{DCBCE2A8-39E5-FD25-8680-833FCA247E11}.Debug|Any CPU.ActiveCfg = Debug|Any CPU
		{DCBCE2A8-39E5-FD25-8680-833FCA247E11}.Debug|Any CPU.Build.0 = Debug|Any CPU
		{DCBCE2A8-39E5-FD25-8680-833FCA247E11}.Release|Any CPU.ActiveCfg = Release|Any CPU
		{DCBCE2A8-39E5-FD25-8680-833FCA247E11}.Release|Any CPU.Build.0 = Release|Any CPU
		{2703061C-14E6-9F4B-33CD-4C7D74680C7B}.Debug|Any CPU.ActiveCfg = Debug|Any CPU
		{2703061C-14E6-9F4B-33CD-4C7D74680C7B}.Debug|Any CPU.Build.0 = Debug|Any CPU
		{2703061C-14E6-9F4B-33CD-4C7D74680C7B}.Release|Any CPU.ActiveCfg = Release|Any CPU
		{2703061C-14E6-9F4B-33CD-4C7D74680C7B}.Release|Any CPU.Build.0 = Release|Any CPU
		{88946AE6-6E2A-D5F5-28A8-7C2D516184B1}.Debug|Any CPU.ActiveCfg = Debug|Any CPU
		{88946AE6-6E2A-D5F5-28A8-7C2D516184B1}.Debug|Any CPU.Build.0 = Debug|Any CPU
		{88946AE6-6E2A-D5F5-28A8-7C2D516184B1}.Release|Any CPU.ActiveCfg = Release|Any CPU
		{88946AE6-6E2A-D5F5-28A8-7C2D516184B1}.Release|Any CPU.Build.0 = Release|Any CPU
		{612C7620-FCAD-49AB-3B3D-0651EB7E3D00}.Debug|Any CPU.ActiveCfg = Debug|Any CPU
		{612C7620-FCAD-49AB-3B3D-0651EB7E3D00}.Debug|Any CPU.Build.0 = Debug|Any CPU
		{612C7620-FCAD-49AB-3B3D-0651EB7E3D00}.Release|Any CPU.ActiveCfg = Release|Any CPU
		{612C7620-FCAD-49AB-3B3D-0651EB7E3D00}.Release|Any CPU.Build.0 = Release|Any CPU
		{B7AFA845-5807-B04F-777B-0B92ACCB0F9E}.Debug|Any CPU.ActiveCfg = Debug|Any CPU
		{B7AFA845-5807-B04F-777B-0B92ACCB0F9E}.Debug|Any CPU.Build.0 = Debug|Any CPU
		{B7AFA845-5807-B04F-777B-0B92ACCB0F9E}.Release|Any CPU.ActiveCfg = Release|Any CPU
		{B7AFA845-5807-B04F-777B-0B92ACCB0F9E}.Release|Any CPU.Build.0 = Release|Any CPU
		{A6835176-31F7-33CC-8B1F-7FB7474C13B8}.Debug|Any CPU.ActiveCfg = Debug|Any CPU
		{A6835176-31F7-33CC-8B1F-7FB7474C13B8}.Debug|Any CPU.Build.0 = Debug|Any CPU
		{A6835176-31F7-33CC-8B1F-7FB7474C13B8}.Release|Any CPU.ActiveCfg = Release|Any CPU
		{A6835176-31F7-33CC-8B1F-7FB7474C13B8}.Release|Any CPU.Build.0 = Release|Any CPU
	EndGlobalSection
	GlobalSection(SolutionProperties) = preSolution
		HideSolutionNode = FALSE
	EndGlobalSection
EndGlobal
